uuid: 6f890aec-d63f-454f-956c-c8a9e5af5183
langcode: sk
status: true
dependencies:
  config:
    - block_content.type.call_to_action_block
id: block_content.call_to_action_block
target_entity_type_id: block_content
target_bundle: call_to_action_block
default_langcode: site_default
language_alterable: false
